
Microsoft Visual Studio Solution File, Format Version 12.00
# Visual Studio 2012
Project("{FAE04EC0-301F-11D3-BF4B-00C04F79EFBC}") = "ScarFly", "ScarFly\ScarFly\ScarFly.csproj", "{FD270F92-4DBC-4AAA-85F3-1E19D50A2358}"
EndProject
Project("{FAE04EC0-301F-11D3-BF4B-00C04F79EFBC}") = "ScarFlyContent", "ScarFly\ScarFlyContent\ScarFlyContent.contentproj", "{5FB10B61-A1C6-4F86-BBD0-0783BD3DC432}"
EndProject
Project("{FAE04EC0-301F-11D3-BF4B-00C04F79EFBC}") = "POC", "POC\POC.csproj", "{AE7A653A-E6FE-4317-9B44-652223D56981}"
EndProject
Project("{F088123C-0E9E-452A-89E6-6BA2F21D5CAC}") = "ScarFlyModelingProject", "ScarFlyModelingProject\ScarFlyModelingProject.modelproj", "{C3154CE4-EA60-42EB-AD6B-D7DE4C684F15}"
EndProject
Global
	GlobalSection(TeamFoundationVersionControl) = preSolution
		SccNumberOfProjects = 5
		SccEnterpriseProvider = {4CA58AB2-18FA-4F8D-95D4-32DDF27D184C}
		SccTeamFoundationServer = https://tarnok.visualstudio.com/defaultcollection
		SccLocalPath0 = .
		SccProjectUniqueName1 = ScarFly\\ScarFly\\ScarFly.csproj
		SccProjectName1 = ScarFly/ScarFly
		SccLocalPath1 = ScarFly\\ScarFly
		SccProjectUniqueName2 = ScarFly\\ScarFlyContent\\ScarFlyContent.contentproj
		SccProjectName2 = ScarFly/ScarFlyContent
		SccLocalPath2 = ScarFly\\ScarFlyContent
		SccProjectUniqueName3 = POC\\POC.csproj
		SccProjectName3 = POC
		SccLocalPath3 = POC
		SccProjectUniqueName4 = ScarFlyModelingProject\\ScarFlyModelingProject.modelproj
		SccProjectName4 = ScarFlyModelingProject
		SccLocalPath4 = ScarFlyModelingProject
	EndGlobalSection
	GlobalSection(SolutionConfigurationPlatforms) = preSolution
		Debug|Any CPU = Debug|Any CPU
		Debug|Mixed Platforms = Debug|Mixed Platforms
		Debug|Windows Phone = Debug|Windows Phone
		Release|Any CPU = Release|Any CPU
		Release|Mixed Platforms = Release|Mixed Platforms
		Release|Windows Phone = Release|Windows Phone
	EndGlobalSection
	GlobalSection(ProjectConfigurationPlatforms) = postSolution
		{FD270F92-4DBC-4AAA-85F3-1E19D50A2358}.Debug|Any CPU.ActiveCfg = Debug|Windows Phone
		{FD270F92-4DBC-4AAA-85F3-1E19D50A2358}.Debug|Mixed Platforms.ActiveCfg = Debug|Windows Phone
		{FD270F92-4DBC-4AAA-85F3-1E19D50A2358}.Debug|Mixed Platforms.Build.0 = Debug|Windows Phone
		{FD270F92-4DBC-4AAA-85F3-1E19D50A2358}.Debug|Mixed Platforms.Deploy.0 = Debug|Windows Phone
		{FD270F92-4DBC-4AAA-85F3-1E19D50A2358}.Debug|Windows Phone.ActiveCfg = Debug|Windows Phone
		{FD270F92-4DBC-4AAA-85F3-1E19D50A2358}.Debug|Windows Phone.Build.0 = Debug|Windows Phone
		{FD270F92-4DBC-4AAA-85F3-1E19D50A2358}.Debug|Windows Phone.Deploy.0 = Debug|Windows Phone
		{FD270F92-4DBC-4AAA-85F3-1E19D50A2358}.Release|Any CPU.ActiveCfg = Release|Windows Phone
		{FD270F92-4DBC-4AAA-85F3-1E19D50A2358}.Release|Mixed Platforms.ActiveCfg = Release|Windows Phone
		{FD270F92-4DBC-4AAA-85F3-1E19D50A2358}.Release|Mixed Platforms.Build.0 = Release|Windows Phone
		{FD270F92-4DBC-4AAA-85F3-1E19D50A2358}.Release|Mixed Platforms.Deploy.0 = Release|Windows Phone
		{FD270F92-4DBC-4AAA-85F3-1E19D50A2358}.Release|Windows Phone.ActiveCfg = Release|Windows Phone
		{FD270F92-4DBC-4AAA-85F3-1E19D50A2358}.Release|Windows Phone.Build.0 = Release|Windows Phone
		{FD270F92-4DBC-4AAA-85F3-1E19D50A2358}.Release|Windows Phone.Deploy.0 = Release|Windows Phone
		{5FB10B61-A1C6-4F86-BBD0-0783BD3DC432}.Debug|Any CPU.ActiveCfg = Debug|Windows Phone
		{5FB10B61-A1C6-4F86-BBD0-0783BD3DC432}.Debug|Mixed Platforms.ActiveCfg = Debug|Windows Phone
		{5FB10B61-A1C6-4F86-BBD0-0783BD3DC432}.Debug|Windows Phone.ActiveCfg = Debug|Windows Phone
		{5FB10B61-A1C6-4F86-BBD0-0783BD3DC432}.Release|Any CPU.ActiveCfg = Release|Windows Phone
		{5FB10B61-A1C6-4F86-BBD0-0783BD3DC432}.Release|Mixed Platforms.ActiveCfg = Release|Windows Phone
		{5FB10B61-A1C6-4F86-BBD0-0783BD3DC432}.Release|Windows Phone.ActiveCfg = Release|Windows Phone
		{AE7A653A-E6FE-4317-9B44-652223D56981}.Debug|Any CPU.ActiveCfg = Debug|Any CPU
		{AE7A653A-E6FE-4317-9B44-652223D56981}.Debug|Any CPU.Build.0 = Debug|Any CPU
		{AE7A653A-E6FE-4317-9B44-652223D56981}.Debug|Mixed Platforms.ActiveCfg = Debug|Any CPU
		{AE7A653A-E6FE-4317-9B44-652223D56981}.Debug|Mixed Platforms.Build.0 = Debug|Any CPU
		{AE7A653A-E6FE-4317-9B44-652223D56981}.Debug|Windows Phone.ActiveCfg = Debug|Any CPU
		{AE7A653A-E6FE-4317-9B44-652223D56981}.Release|Any CPU.ActiveCfg = Release|Any CPU
		{AE7A653A-E6FE-4317-9B44-652223D56981}.Release|Any CPU.Build.0 = Release|Any CPU
		{AE7A653A-E6FE-4317-9B44-652223D56981}.Release|Mixed Platforms.ActiveCfg = Release|Any CPU
		{AE7A653A-E6FE-4317-9B44-652223D56981}.Release|Mixed Platforms.Build.0 = Release|Any CPU
		{AE7A653A-E6FE-4317-9B44-652223D56981}.Release|Windows Phone.ActiveCfg = Release|Any CPU
		{C3154CE4-EA60-42EB-AD6B-D7DE4C684F15}.Debug|Any CPU.ActiveCfg = Debug|Any CPU
		{C3154CE4-EA60-42EB-AD6B-D7DE4C684F15}.Debug|Any CPU.Build.0 = Debug|Any CPU
		{C3154CE4-EA60-42EB-AD6B-D7DE4C684F15}.Debug|Mixed Platforms.ActiveCfg = Debug|Any CPU
		{C3154CE4-EA60-42EB-AD6B-D7DE4C684F15}.Debug|Mixed Platforms.Build.0 = Debug|Any CPU
		{C3154CE4-EA60-42EB-AD6B-D7DE4C684F15}.Debug|Windows Phone.ActiveCfg = Debug|Any CPU
		{C3154CE4-EA60-42EB-AD6B-D7DE4C684F15}.Release|Any CPU.ActiveCfg = Release|Any CPU
		{C3154CE4-EA60-42EB-AD6B-D7DE4C684F15}.Release|Any CPU.Build.0 = Release|Any CPU
		{C3154CE4-EA60-42EB-AD6B-D7DE4C684F15}.Release|Mixed Platforms.ActiveCfg = Release|Any CPU
		{C3154CE4-EA60-42EB-AD6B-D7DE4C684F15}.Release|Mixed Platforms.Build.0 = Release|Any CPU
		{C3154CE4-EA60-42EB-AD6B-D7DE4C684F15}.Release|Windows Phone.ActiveCfg = Release|Any CPU
	EndGlobalSection
	GlobalSection(SolutionProperties) = preSolution
		HideSolutionNode = FALSE
	EndGlobalSection
	GlobalSection(Performance) = preSolution
		HasPerformanceSessions = true
	EndGlobalSection
EndGlobal
